
Microsoft Visual Studio Solution File, Format Version 12.00
# Visual Studio 15
VisualStudioVersion = 15.0.25920.0
MinimumVisualStudioVersion = 10.0.40219.1
Project("{FAE04EC0-301F-11D3-BF4B-00C04F79EFBC}") = "Byrant.EyePower.Control", "Byrant.EyePower.Control\Byrant.EyePower.Control.csproj", "{0DF72464-B313-4D08-8AC1-CF60A7A7DC00}"
EndProject
Project("{FAE04EC0-301F-11D3-BF4B-00C04F79EFBC}") = "EyePowerConsoleApp", "EyePowerConsoleApp\EyePowerConsoleApp.csproj", "{0D62BEC9-B590-40A8-8567-C8383C60A85E}"
EndProject
Global
	GlobalSection(SolutionConfigurationPlatforms) = preSolution
		Debug|Any CPU = Debug|Any CPU
		Release|Any CPU = Release|Any CPU
	EndGlobalSection
	GlobalSection(ProjectConfigurationPlatforms) = postSolution
		{0DF72464-B313-4D08-8AC1-CF60A7A7DC00}.Debug|Any CPU.ActiveCfg = Debug|Any CPU
		{0DF72464-B313-4D08-8AC1-CF60A7A7DC00}.Debug|Any CPU.Build.0 = Debug|Any CPU
		{0DF72464-B313-4D08-8AC1-CF60A7A7DC00}.Release|Any CPU.ActiveCfg = Release|Any CPU
		{0DF72464-B313-4D08-8AC1-CF60A7A7DC00}.Release|Any CPU.Build.0 = Release|Any CPU
		{0D62BEC9-B590-40A8-8567-C8383C60A85E}.Debug|Any CPU.ActiveCfg = Debug|Any CPU
		{0D62BEC9-B590-40A8-8567-C8383C60A85E}.Debug|Any CPU.Build.0 = Debug|Any CPU
		{0D62BEC9-B590-40A8-8567-C8383C60A85E}.Release|Any CPU.ActiveCfg = Release|Any CPU
		{0D62BEC9-B590-40A8-8567-C8383C60A85E}.Release|Any CPU.Build.0 = Release|Any CPU
	EndGlobalSection
	GlobalSection(SolutionProperties) = preSolution
		HideSolutionNode = FALSE
	EndGlobalSection
EndGlobal
